
Microsoft Visual Studio Solution File, Format Version 12.00
# Visual Studio Version 16
VisualStudioVersion = 16.0.31702.278
MinimumVisualStudioVersion = 10.0.40219.1
Project("{FAE04EC0-301F-11D3-BF4B-00C04F79EFBC}") = "LibraryItaly", "LibraryItaly\LibraryItaly.csproj", "{9FFFF7BF-61F3-4A2B-A1C4-3530526517D1}"
EndProject
Project("{FAE04EC0-301F-11D3-BF4B-00C04F79EFBC}") = "GeoLibrary", "GeoLibrary\GeoLibrary.csproj", "{32639B84-23C3-4B86-BBDC-B5A32F538D19}"
EndProject
Project("{FAE04EC0-301F-11D3-BF4B-00C04F79EFBC}") = "MyProgram", "MyProgram\MyProgram.csproj", "{CD30C69A-630D-4E85-A971-4F71F06EBF41}"
EndProject
Global
	GlobalSection(SolutionConfigurationPlatforms) = preSolution
		Debug|Any CPU = Debug|Any CPU
		Release|Any CPU = Release|Any CPU
	EndGlobalSection
	GlobalSection(ProjectConfigurationPlatforms) = postSolution
		{9FFFF7BF-61F3-4A2B-A1C4-3530526517D1}.Debug|Any CPU.ActiveCfg = Debug|Any CPU
		{9FFFF7BF-61F3-4A2B-A1C4-3530526517D1}.Debug|Any CPU.Build.0 = Debug|Any CPU
		{9FFFF7BF-61F3-4A2B-A1C4-3530526517D1}.Release|Any CPU.ActiveCfg = Release|Any CPU
		{9FFFF7BF-61F3-4A2B-A1C4-3530526517D1}.Release|Any CPU.Build.0 = Release|Any CPU
		{32639B84-23C3-4B86-BBDC-B5A32F538D19}.Debug|Any CPU.ActiveCfg = Debug|Any CPU
		{32639B84-23C3-4B86-BBDC-B5A32F538D19}.Debug|Any CPU.Build.0 = Debug|Any CPU
		{32639B84-23C3-4B86-BBDC-B5A32F538D19}.Release|Any CPU.ActiveCfg = Release|Any CPU
		{32639B84-23C3-4B86-BBDC-B5A32F538D19}.Release|Any CPU.Build.0 = Release|Any CPU
		{CD30C69A-630D-4E85-A971-4F71F06EBF41}.Debug|Any CPU.ActiveCfg = Debug|Any CPU
		{CD30C69A-630D-4E85-A971-4F71F06EBF41}.Debug|Any CPU.Build.0 = Debug|Any CPU
		{CD30C69A-630D-4E85-A971-4F71F06EBF41}.Release|Any CPU.ActiveCfg = Release|Any CPU
		{CD30C69A-630D-4E85-A971-4F71F06EBF41}.Release|Any CPU.Build.0 = Release|Any CPU
	EndGlobalSection
	GlobalSection(SolutionProperties) = preSolution
		HideSolutionNode = FALSE
	EndGlobalSection
	GlobalSection(ExtensibilityGlobals) = postSolution
		SolutionGuid = {36ADC663-38B5-4268-B3AE-A96AFA5DCBDD}
	EndGlobalSection
EndGlobal
